// !$*UTF8*$!
{
	archiveVersion = 1;
	classes = {
	};
	objectVersion = 46;
	objects = {

/* Begin PBXBuildFile section */
		62D43B231C0EB3E80080DF79 /* NoExiste.png in Resources */ = {isa = PBXBuildFile; fileRef = 62D43B221C0EB3E80080DF79 /* NoExiste.png */; };
		62FCE1331C0C0D6300555890 /* AppDelegate.swift in Sources */ = {isa = PBXBuildFile; fileRef = 62FCE1321C0C0D6300555890 /* AppDelegate.swift */; };
		62FCE1361C0C0D6300555890 /* PruebaMD.xcdatamodeld in Sources */ = {isa = PBXBuildFile; fileRef = 62FCE1341C0C0D6300555890 /* PruebaMD.xcdatamodeld */; };
		62FCE1381C0C0D6300555890 /* MasterViewController.swift in Sources */ = {isa = PBXBuildFile; fileRef = 62FCE1371C0C0D6300555890 /* MasterViewController.swift */; };
		62FCE13A1C0C0D6300555890 /* DetailViewController.swift in Sources */ = {isa = PBXBuildFile; fileRef = 62FCE1391C0C0D6300555890 /* DetailViewController.swift */; };
		62FCE13D1C0C0D6300555890 /* Main.storyboard in Resources */ = {isa = PBXBuildFile; fileRef = 62FCE13B1C0C0D6300555890 /* Main.storyboard */; };
		62FCE13F1C0C0D6300555890 /* Assets.xcassets in Resources */ = {isa = PBXBuildFile; fileRef = 62FCE13E1C0C0D6300555890 /* Assets.xcassets */; };
		62FCE1421C0C0D6300555890 /* LaunchScreen.storyboard in Resources */ = {isa = PBXBuildFile; fileRef = 62FCE1401C0C0D6300555890 /* LaunchScreen.storyboard */; };
/* End PBXBuildFile section */

/* Begin PBXFileReference section */
		62D43B221C0EB3E80080DF79 /* NoExiste.png */ = {isa = PBXFileReference; lastKnownFileType = image.png; path = NoExiste.png; sourceTree = "<group>"; };
		62FCE12F1C0C0D6300555890 /* PruebaMD.app */ = {isa = PBXFileReference; explicitFileType = wrapper.application; includeInIndex = 0; path = PruebaMD.app; sourceTree = BUILT_PRODUCTS_DIR; };
		62FCE1321C0C0D6300555890 /* AppDelegate.swift */ = {isa = PBXFileReference; lastKnownFileType = sourcecode.swift; path = AppDelegate.swift; sourceTree = "<group>"; };
		62FCE1351C0C0D6300555890 /* PruebaMD.xcdatamodel */ = {isa = PBXFileReference; lastKnownFileType = wrapper.xcdatamodel; path = PruebaMD.xcdatamodel; sourceTree = "<group>"; };
		62FCE1371C0C0D6300555890 /* MasterViewController.swift */ = {isa = PBXFileReference; lastKnownFileType = sourcecode.swift; path = MasterViewController.swift; sourceTree = "<group>"; };
		62FCE1391C0C0D6300555890 /* DetailViewController.swift */ = {isa = PBXFileReference; lastKnownFileType = sourcecode.swift; path = DetailViewController.swift; sourceTree = "<group>"; };
		62FCE13C1C0C0D6300555890 /* Base */ = {isa = PBXFileReference; lastKnownFileType = file.storyboard; name = Base; path = Base.lproj/Main.storyboard; sourceTree = "<group>"; };
		62FCE13E1C0C0D6300555890 /* Assets.xcassets */ = {isa = PBXFileReference; lastKnownFileType = folder.assetcatalog; path = Assets.xcassets; sourceTree = "<group>"; };
		62FCE1411C0C0D6300555890 /* Base */ = {isa = PBXFileReference; lastKnownFileType = file.storyboard; name = Base; path = Base.lproj/LaunchScreen.storyboard; sourceTree = "<group>"; };
		62FCE1431C0C0D6300555890 /* Info.plist */ = {isa = PBXFileReference; lastKnownFileType = text.plist.xml; path = Info.plist; sourceTree = "<group>"; };
/* End PBXFileReference section */

/* Begin PBXFrameworksBuildPhase section */
		62FCE12C1C0C0D6300555890 /* Frameworks */ = {
			isa = PBXFrameworksBuildPhase;
			buildActionMask = 2147483647;
			files = (
			);
			runOnlyForDeploymentPostprocessing = 0;
		};
/* End PBXFrameworksBuildPhase section */

/* Begin PBXGroup section */
		62FCE1261C0C0D6300555890 = {
			isa = PBXGroup;
			children = (
				62FCE1311C0C0D6300555890 /* PruebaMD */,
				62FCE1301C0C0D6300555890 /* Products */,
			);
			sourceTree = "<group>";
		};
		62FCE1301C0C0D6300555890 /* Products */ = {
			isa = PBXGroup;
			children = (
				62FCE12F1C0C0D6300555890 /* PruebaMD.app */,
			);
			name = Products;
			sourceTree = "<group>";
		};
		62FCE1311C0C0D6300555890 /* PruebaMD */ = {
			isa = PBXGroup;
			children = (
				62FCE1321C0C0D6300555890 /* AppDelegate.swift */,
				62FCE1371C0C0D6300555890 /* MasterViewController.swift */,
				62FCE1391C0C0D6300555890 /* DetailViewController.swift */,
				62FCE13B1C0C0D6300555890 /* Main.storyboard */,
				62FCE13E1C0C0D6300555890 /* Assets.xcassets */,
				62FCE1401C0C0D6300555890 /* LaunchScreen.storyboard */,
				62FCE1431C0C0D6300555890 /* Info.plist */,
				62FCE1341C0C0D6300555890 /* PruebaMD.xcdatamodeld */,
				62D43B221C0EB3E80080DF79 /* NoExiste.png */,
			);
			path = PruebaMD;
			sourceTree = "<group>";
		};
/* End PBXGroup section */

/* Begin PBXNativeTarget section */
		62FCE12E1C0C0D6300555890 /* PruebaMD */ = {
			isa = PBXNativeTarget;
			buildConfigurationList = 62FCE1461C0C0D6300555890 /* Build configuration list for PBXNativeTarget "PruebaMD" */;
			buildPhases = (
				62FCE12B1C0C0D6300555890 /* Sources */,
				62FCE12C1C0C0D6300555890 /* Frameworks */,
				62FCE12D1C0C0D6300555890 /* Resources */,
			);
			buildRules = (
			);
			dependencies = (
			);
			name = PruebaMD;
			productName = PruebaMD;
			productReference = 62FCE12F1C0C0D6300555890 /* PruebaMD.app */;
			productType = "com.apple.product-type.application";
		};
/* End PBXNativeTarget section */

/* Begin PBXProject section */
		62FCE1271C0C0D6300555890 /* Project object */ = {
			isa = PBXProject;
			attributes = {
				LastSwiftUpdateCheck = 0710;
				LastUpgradeCheck = 0710;
				ORGANIZATIONNAME = AppArt;
				TargetAttributes = {
					62FCE12E1C0C0D6300555890 = {
						CreatedOnToolsVersion = 7.1.1;
					};
				};
			};
			buildConfigurationList = 62FCE12A1C0C0D6300555890 /* Build configuration list for PBXProject "PruebaMD" */;
			compatibilityVersion = "Xcode 3.2";
			developmentRegion = English;
			hasScannedForEncodings = 0;
			knownRegions = (
				en,
				Base,
			);
			mainGroup = 62FCE1261C0C0D6300555890;
			productRefGroup = 62FCE1301C0C0D6300555890 /* Products */;
			projectDirPath = "";
			projectRoot = "";
			targets = (
				62FCE12E1C0C0D6300555890 /* PruebaMD */,
			);
		};
/* End PBXProject section */

/* Begin PBXResourcesBuildPhase section */
		62FCE12D1C0C0D6300555890 /* Resources */ = {
			isa = PBXResourcesBuildPhase;
			buildActionMask = 2147483647;
			files = (
				62FCE1421C0C0D6300555890 /* LaunchScreen.storyboard in Resources */,
				62FCE13F1C0C0D6300555890 /* Assets.xcassets in Resources */,
				62D43B231C0EB3E80080DF79 /* NoExiste.png in Resources */,
				62FCE13D1C0C0D6300555890 /* Main.storyboard in Resources */,
			);
			runOnlyForDeploymentPostprocessing = 0;
		};
/* End PBXResourcesBuildPhase section */

/* Begin PBXSourcesBuildPhase section */
		62FCE12B1C0C0D6300555890 /* Sources */ = {
			isa = PBXSourcesBuildPhase;
			buildActionMask = 2147483647;
			files = (
				62FCE1331C0C0D6300555890 /* AppDelegate.swift in Sources */,
				62FCE1361C0C0D6300555890 /* PruebaMD.xcdatamodeld in Sources */,
				62FCE1381C0C0D6300555890 /* MasterViewController.swift in Sources */,
				62FCE13A1C0C0D6300555890 /* DetailViewController.swift in Sources */,
			);
			runOnlyForDeploymentPostprocessing = 0;
		};
/* End PBXSourcesBuildPhase section */

/* Begin PBXVariantGroup section */
		62FCE13B1C0C0D6300555890 /* Main.storyboard */ = {
			isa = PBXVariantGroup;
			children = (
				62FCE13C1C0C0D6300555890 /* Base */,
			);
			name = Main.storyboard;
			sourceTree = "<group>";
		};
		62FCE1401C0C0D6300555890 /* LaunchScreen.storyboard */ = {
			isa = PBXVariantGroup;
			children = (
				62FCE1411C0C0D6300555890 /* Base */,
			);
			name = LaunchScreen.storyboard;
			sourceTree = "<group>";
		};
/* End PBXVariantGroup section */

/* Begin XCBuildConfiguration section */
		62FCE1441C0C0D6300555890 /* Debug */ = {
			isa = XCBuildConfiguration;
			buildSettings = {
				ALWAYS_SEARCH_USER_PATHS = NO;
				CLANG_CXX_LANGUAGE_STANDARD = "gnu++0x";
				CLANG_CXX_LIBRARY = "libc++";
				CLANG_ENABLE_MODULES = YES;
				CLANG_ENABLE_OBJC_ARC = YES;
				CLANG_WARN_BOOL_CONVERSION = YES;
				CLANG_WARN_CONSTANT_CONVERSION = YES;
				CLANG_WARN_DIRECT_OBJC_ISA_USAGE = YES_ERROR;
				CLANG_WARN_EMPTY_BODY = YES;
				CLANG_WARN_ENUM_CONVERSION = YES;
				CLANG_WARN_INT_CONVERSION = YES;
				CLANG_WARN_OBJC_ROOT_CLASS = YES_ERROR;
				CLANG_WARN_UNREACHABLE_CODE = YES;
				CLANG_WARN__DUPLICATE_METHOD_MATCH = YES;
				"CODE_SIGN_IDENTITY[sdk=iphoneos*]" = "iPhone Developer";
				COPY_PHASE_STRIP = NO;
				DEBUG_INFORMATION_FORMAT = dwarf;
				ENABLE_STRICT_OBJC_MSGSEND = YES;
				ENABLE_TESTABILITY = YES;
				GCC_C_LANGUAGE_STANDARD = gnu99;
				GCC_DYNAMIC_NO_PIC = NO;
				GCC_NO_COMMON_BLOCKS = YES;
				GCC_OPTIMIZATION_LEVEL = 0;
				GCC_PREPROCESSOR_DEFINITIONS = (
					"DEBUG=1",
					"$(inherited)",
				);
				GCC_WARN_64_TO_32_BIT_CONVERSION = YES;
				GCC_WARN_ABOUT_RETURN_TYPE = YES_ERROR;
				GCC_WARN_UNDECLARED_SELECTOR = YES;
				GCC_WARN_UNINITIALIZED_AUTOS = YES_AGGRESSIVE;
				GCC_WARN_UNUSED_FUNCTION = YES;
				GCC_WARN_UNUSED_VARIABLE = YES;
				IPHONEOS_DEPLOYMENT_TARGET = 9.1;
				MTL_ENABLE_DEBUG_INFO = YES;
				ONLY_ACTIVE_ARCH = YES;
				SDKROOT = iphoneos;
				SWIFT_OPTIMIZATION_LEVEL = "-Onone";
			};
			name = Debug;
		};
		62FCE1451C0C0D6300555890 /* Release */ = {
			isa = XCBuildConfiguration;
			buildSettings = {
				ALWAYS_SEARCH_USER_PATHS = NO;
				CLANG_CXX_LANGUAGE_STANDARD = "gnu++0x";
				CLANG_CXX_LIBRARY = "libc++";
				CLANG_ENABLE_MODULES = YES;
				CLANG_ENABLE_OBJC_ARC = YES;
				CLANG_WARN_BOOL_CONVERSION = YES;
				CLANG_WARN_CONSTANT_CONVERSION = YES;
				CLANG_WARN_DIRECT_OBJC_ISA_USAGE = YES_ERROR;
				CLANG_WARN_EMPTY_BODY = YES;
				CLANG_WARN_ENUM_CONVERSION = YES;
				CLANG_WARN_INT_CONVERSION = YES;
				CLANG_WARN_OBJC_ROOT_CLASS = YES_ERROR;
				CLANG_WARN_UNREACHABLE_CODE = YES;
				CLANG_WARN__DUPLICATE_METHOD_MATCH = YES;
				"CODE_SIGN_IDENTITY[sdk=iphoneos*]" = "iPhone Developer";
				COPY_PHASE_STRIP = NO;
				DEBUG_INFORMATION_FORMAT = "dwarf-with-dsym";
				ENABLE_NS_ASSERTIONS = NO;
				ENABLE_STRICT_OBJC_MSGSEND = YES;
				GCC_C_LANGUAGE_STANDARD = gnu99;
				GCC_NO_COMMON_BLOCKS = YES;
				GCC_WARN_64_TO_32_BIT_CONVERSION = YES;
				GCC_WARN_ABOUT_RETURN_TYPE = YES_ERROR;
				GCC_WARN_UNDECLARED_SELECTOR = YES;
				GCC_WARN_UNINITIALIZED_AUTOS = YES_AGGRESSIVE;
				GCC_WARN_UNUSED_FUNCTION = YES;
				GCC_WARN_UNUSED_VARIABLE = YES;
				IPHONEOS_DEPLOYMENT_TARGET = 9.1;
				MTL_ENABLE_DEBUG_INFO = NO;
				SDKROOT = iphoneos;
				VALIDATE_PRODUCT = YES;
			};
			name = Release;
		};
		62FCE1471C0C0D6300555890 /* Debug */ = {
			isa = XCBuildConfiguration;
			buildSettings = {
				ASSETCATALOG_COMPILER_APPICON_NAME = AppIcon;
				INFOPLIST_FILE = PruebaMD/Info.plist;
				LD_RUNPATH_SEARCH_PATHS = "$(inherited) @executable_path/Frameworks";
				PRODUCT_BUNDLE_IDENTIFIER = naiker.IOSRed3;
				PRODUCT_NAME = "$(TARGET_NAME)";
			};
			name = Debug;
		};
		62FCE1481C0C0D6300555890 /* Release */ = {
			isa = XCBuildConfiguration;
			buildSettings = {
				ASSETCATALOG_COMPILER_APPICON_NAME = AppIcon;
				INFOPLIST_FILE = PruebaMD/Info.plist;
				LD_RUNPATH_SEARCH_PATHS = "$(inherited) @executable_path/Frameworks";
				PRODUCT_BUNDLE_IDENTIFIER = naiker.IOSRed3;
				PRODUCT_NAME = "$(TARGET_NAME)";
			};
			name = Release;
		};
/* End XCBuildConfiguration section */

/* Begin XCConfigurationList section */
		62FCE12A1C0C0D6300555890 /* Build configuration list for PBXProject "PruebaMD" */ = {
			isa = XCConfigurationList;
			buildConfigurations = (
				62FCE1441C0C0D6300555890 /* Debug */,
				62FCE1451C0C0D6300555890 /* Release */,
			);
			defaultConfigurationIsVisible = 0;
			defaultConfigurationName = Release;
		};
		62FCE1461C0C0D6300555890 /* Build configuration list for PBXNativeTarget "PruebaMD" */ = {
			isa = XCConfigurationList;
			buildConfigurations = (
				62FCE1471C0C0D6300555890 /* Debug */,
				62FCE1481C0C0D6300555890 /* Release */,
			);
			defaultConfigurationIsVisible = 0;
			defaultConfigurationName = Release;
		};
/* End XCConfigurationList section */

/* Begin XCVersionGroup section */
		62FCE1341C0C0D6300555890 /* PruebaMD.xcdatamodeld */ = {
			isa = XCVersionGroup;
			children = (
				62FCE1351C0C0D6300555890 /* PruebaMD.xcdatamodel */,
			);
			currentVersion = 62FCE1351C0C0D6300555890 /* PruebaMD.xcdatamodel */;
			path = PruebaMD.xcdatamodeld;
			sourceTree = "<group>";
			versionGroupType = wrapper.xcdatamodel;
		};
/* End XCVersionGroup section */
	};
	rootObject = 62FCE1271C0C0D6300555890 /* Project object */;
}
